
Microsoft Visual Studio Solution File, Format Version 12.00
# Visual Studio Version 17
VisualStudioVersion = 17.14.36212.18 d17.14
MinimumVisualStudioVersion = 10.0.40219.1
Project("{FAE04EC0-301F-11D3-BF4B-00C04F79EFBC}") = "C44-G01-EF02", "C44-G01-EF02.csproj", "{9BA2B6C2-B9C2-4C72-B2AB-69C5CFDD09B3}"
EndProject
Global
	GlobalSection(SolutionConfigurationPlatforms) = preSolution
		Debug|Any CPU = Debug|Any CPU
		Release|Any CPU = Release|Any CPU
	EndGlobalSection
	GlobalSection(ProjectConfigurationPlatforms) = postSolution
		{9BA2B6C2-B9C2-4C72-B2AB-69C5CFDD09B3}.Debug|Any CPU.ActiveCfg = Debug|Any CPU
		{9BA2B6C2-B9C2-4C72-B2AB-69C5CFDD09B3}.Debug|Any CPU.Build.0 = Debug|Any CPU
		{9BA2B6C2-B9C2-4C72-B2AB-69C5CFDD09B3}.Release|Any CPU.ActiveCfg = Release|Any CPU
		{9BA2B6C2-B9C2-4C72-B2AB-69C5CFDD09B3}.Release|Any CPU.Build.0 = Release|Any CPU
	EndGlobalSection
	GlobalSection(SolutionProperties) = preSolution
		HideSolutionNode = FALSE
	EndGlobalSection
	GlobalSection(ExtensibilityGlobals) = postSolution
		SolutionGuid = {E82F7021-D10F-452F-AEFD-46763907A597}
	EndGlobalSection
EndGlobal
